Microsoft Visual Studio Solution File, Format Version 11.00
# Visual Studio 2008

Project("{ABAA57D2-5A98-86B4-E0C7-5A4FFD36CE8D}") = "Project_(NERV)", "Assembly-CSharp-firstpass.csproj", "{93C3902E-4BE7-927E-CA1B-A89EE1559A2D}"
EndProject
Project("{ABAA57D2-5A98-86B4-E0C7-5A4FFD36CE8D}") = "Project_(NERV)", "Assembly-CSharp.csproj", "{13B52882-3D31-9962-4B34-651C1C9730A5}"
EndProject
Global
	GlobalSection(SolutionConfigurationPlatforms) = preSolution
		Debug|Any CPU = Debug|Any CPU
		Release|Any CPU = Release|Any CPU
	EndGlobalSection
	GlobalSection(ProjectConfigurationPlatforms) = postSolution
		{93C3902E-4BE7-927E-CA1B-A89EE1559A2D}.Debug|Any CPU.ActiveCfg = Debug|Any CPU
		{93C3902E-4BE7-927E-CA1B-A89EE1559A2D}.Debug|Any CPU.Build.0 = Debug|Any CPU
		{93C3902E-4BE7-927E-CA1B-A89EE1559A2D}.Release|Any CPU.ActiveCfg = Release|Any CPU
		{93C3902E-4BE7-927E-CA1B-A89EE1559A2D}.Release|Any CPU.Build.0 = Release|Any CPU
		{13B52882-3D31-9962-4B34-651C1C9730A5}.Debug|Any CPU.ActiveCfg = Debug|Any CPU
		{13B52882-3D31-9962-4B34-651C1C9730A5}.Debug|Any CPU.Build.0 = Debug|Any CPU
		{13B52882-3D31-9962-4B34-651C1C9730A5}.Release|Any CPU.ActiveCfg = Release|Any CPU
		{13B52882-3D31-9962-4B34-651C1C9730A5}.Release|Any CPU.Build.0 = Release|Any CPU
	EndGlobalSection
	GlobalSection(SolutionProperties) = preSolution
		HideSolutionNode = FALSE
	EndGlobalSection
																														GlobalSection(MonoDevelopProperties) = preSolution
		StartupItem = Assembly-CSharp.csproj
		Policies = $0
		$0.TextStylePolicy = $1
		$1.inheritsSet = null
		$1.scope = text/x-csharp
		$0.CSharpFormattingPolicy = $2
		$2.inheritsSet = Mono
		$2.inheritsScope = text/x-csharp
		$2.scope = text/x-csharp
		$0.TextStylePolicy = $3
		$3.FileWidth = 120
		$3.TabWidth = 4
		$3.IndentWidth = 4
		$3.EolMarker = Unix
		$3.inheritsSet = Mono
		$3.inheritsScope = text/plain
		$3.scope = text/plain
	EndGlobalSection

EndGlobal
